
Microsoft Visual Studio Solution File, Format Version 12.00
# Visual Studio Version 16
VisualStudioVersion = 16.0.30128.74
MinimumVisualStudioVersion = 10.0.40219.1
Project("{9A19103F-16F7-4668-BE54-9A1E7A4F7556}") = "WebTentakel", "WebApplication1\WebTentakel.csproj", "{E8B98587-DE4C-478C-B67E-D7B59C9A68F7}"
EndProject
Project("{00D1A9C2-B5F0-4AF3-8072-F6C62B433612}") = "Database", "Database\Database.sqlproj", "{C4336930-56DF-4241-84C8-D31CB33E4D94}"
EndProject
Global
	GlobalSection(SolutionConfigurationPlatforms) = preSolution
		Debug|Any CPU = Debug|Any CPU
		Release|Any CPU = Release|Any CPU
	EndGlobalSection
	GlobalSection(ProjectConfigurationPlatforms) = postSolution
		{E8B98587-DE4C-478C-B67E-D7B59C9A68F7}.Debug|Any CPU.ActiveCfg = Debug|Any CPU
		{E8B98587-DE4C-478C-B67E-D7B59C9A68F7}.Debug|Any CPU.Build.0 = Debug|Any CPU
		{E8B98587-DE4C-478C-B67E-D7B59C9A68F7}.Release|Any CPU.ActiveCfg = Release|Any CPU
		{E8B98587-DE4C-478C-B67E-D7B59C9A68F7}.Release|Any CPU.Build.0 = Release|Any CPU
		{C4336930-56DF-4241-84C8-D31CB33E4D94}.Debug|Any CPU.ActiveCfg = Debug|Any CPU
		{C4336930-56DF-4241-84C8-D31CB33E4D94}.Debug|Any CPU.Build.0 = Debug|Any CPU
		{C4336930-56DF-4241-84C8-D31CB33E4D94}.Debug|Any CPU.Deploy.0 = Debug|Any CPU
		{C4336930-56DF-4241-84C8-D31CB33E4D94}.Release|Any CPU.ActiveCfg = Release|Any CPU
		{C4336930-56DF-4241-84C8-D31CB33E4D94}.Release|Any CPU.Build.0 = Release|Any CPU
		{C4336930-56DF-4241-84C8-D31CB33E4D94}.Release|Any CPU.Deploy.0 = Release|Any CPU
	EndGlobalSection
	GlobalSection(SolutionProperties) = preSolution
		HideSolutionNode = FALSE
	EndGlobalSection
	GlobalSection(ExtensibilityGlobals) = postSolution
		SolutionGuid = {07290EE1-D086-42A1-8398-3A031D9D0AD6}
	EndGlobalSection
EndGlobal
